
Microsoft Visual Studio Solution File, Format Version 12.00
# Visual Studio Version 17
VisualStudioVersion = 17.2.32526.322
MinimumVisualStudioVersion = 10.0.40219.1
Project("{FAE04EC0-301F-11D3-BF4B-00C04F79EFBC}") = "MLBExpansionProject.Server", "MLBExpansionProject\Server\MLBExpansionProject.Server.csproj", "{B60FFFD0-2361-465F-A87D-2C810A5FF222}"
EndProject
Project("{FAE04EC0-301F-11D3-BF4B-00C04F79EFBC}") = "MLBExpansionProject.Client", "MLBExpansionProject\Client\MLBExpansionProject.Client.csproj", "{DC113D5E-CA44-496D-BC39-4DEC344D0D06}"
EndProject
Project("{FAE04EC0-301F-11D3-BF4B-00C04F79EFBC}") = "MLBExpansionProject.Shared", "MLBExpansionProject\Shared\MLBExpansionProject.Shared.csproj", "{E340EAC8-BF2A-4EE4-A7C4-159D8F2EFD90}"
EndProject
Global
	GlobalSection(SolutionConfigurationPlatforms) = preSolution
		Debug|Any CPU = Debug|Any CPU
		Release|Any CPU = Release|Any CPU
	EndGlobalSection
	GlobalSection(ProjectConfigurationPlatforms) = postSolution
		{B60FFFD0-2361-465F-A87D-2C810A5FF222}.Debug|Any CPU.ActiveCfg = Debug|Any CPU
		{B60FFFD0-2361-465F-A87D-2C810A5FF222}.Debug|Any CPU.Build.0 = Debug|Any CPU
		{B60FFFD0-2361-465F-A87D-2C810A5FF222}.Release|Any CPU.ActiveCfg = Release|Any CPU
		{B60FFFD0-2361-465F-A87D-2C810A5FF222}.Release|Any CPU.Build.0 = Release|Any CPU
		{DC113D5E-CA44-496D-BC39-4DEC344D0D06}.Debug|Any CPU.ActiveCfg = Debug|Any CPU
		{DC113D5E-CA44-496D-BC39-4DEC344D0D06}.Debug|Any CPU.Build.0 = Debug|Any CPU
		{DC113D5E-CA44-496D-BC39-4DEC344D0D06}.Release|Any CPU.ActiveCfg = Release|Any CPU
		{DC113D5E-CA44-496D-BC39-4DEC344D0D06}.Release|Any CPU.Build.0 = Release|Any CPU
		{E340EAC8-BF2A-4EE4-A7C4-159D8F2EFD90}.Debug|Any CPU.ActiveCfg = Debug|Any CPU
		{E340EAC8-BF2A-4EE4-A7C4-159D8F2EFD90}.Debug|Any CPU.Build.0 = Debug|Any CPU
		{E340EAC8-BF2A-4EE4-A7C4-159D8F2EFD90}.Release|Any CPU.ActiveCfg = Release|Any CPU
		{E340EAC8-BF2A-4EE4-A7C4-159D8F2EFD90}.Release|Any CPU.Build.0 = Release|Any CPU
	EndGlobalSection
	GlobalSection(SolutionProperties) = preSolution
		HideSolutionNode = FALSE
	EndGlobalSection
	GlobalSection(ExtensibilityGlobals) = postSolution
		SolutionGuid = {F8E296FE-63BA-4917-A780-E2967B62B399}
	EndGlobalSection
EndGlobal
